
Microsoft Visual Studio Solution File, Format Version 12.00
# Visual Studio Version 17
VisualStudioVersion = 17.6.33626.354
MinimumVisualStudioVersion = 10.0.40219.1
Project("{FAE04EC0-301F-11D3-BF4B-00C04F79EFBC}") = "WpfCultureExampleApp", "WpfCultureExampleApp\WpfCultureExampleApp.csproj", "{51286803-08E6-43D1-95F7-22376877E3F3}"
EndProject
Global
	GlobalSection(SolutionConfigurationPlatforms) = preSolution
		Debug|Any CPU = Debug|Any CPU
		Release|Any CPU = Release|Any CPU
	EndGlobalSection
	GlobalSection(ProjectConfigurationPlatforms) = postSolution
		{51286803-08E6-43D1-95F7-22376877E3F3}.Debug|Any CPU.ActiveCfg = Debug|Any CPU
		{51286803-08E6-43D1-95F7-22376877E3F3}.Debug|Any CPU.Build.0 = Debug|Any CPU
		{51286803-08E6-43D1-95F7-22376877E3F3}.Release|Any CPU.ActiveCfg = Release|Any CPU
		{51286803-08E6-43D1-95F7-22376877E3F3}.Release|Any CPU.Build.0 = Release|Any CPU
	EndGlobalSection
	GlobalSection(SolutionProperties) = preSolution
		HideSolutionNode = FALSE
	EndGlobalSection
	GlobalSection(ExtensibilityGlobals) = postSolution
		SolutionGuid = {F0D717C5-AEC2-4E40-8A5C-A90428A7C16B}
	EndGlobalSection
EndGlobal
